
Microsoft Visual Studio Solution File, Format Version 12.00
# Visual Studio 14
VisualStudioVersion = 14.0.25123.0
MinimumVisualStudioVersion = 10.0.40219.1
Project("{FAE04EC0-301F-11D3-BF4B-00C04F79EFBC}") = "SearchAcceleratorFramework", "src\SearchAcceleratorFramework\SearchAcceleratorFramework.csproj", "{AC51BF56-78C7-4518-BE44-902620352BE8}"
EndProject
Project("{FAE04EC0-301F-11D3-BF4B-00C04F79EFBC}") = "SearchAcceleratorFramework.Tests", "src\SearchAcceleratorFramework.Tests\SearchAcceleratorFramework.Tests.csproj", "{953E5318-7A68-494D-B1D4-0D870093CB92}"
EndProject
Global
	GlobalSection(SolutionConfigurationPlatforms) = preSolution
		Debug|Any CPU = Debug|Any CPU
		Release|Any CPU = Release|Any CPU
	EndGlobalSection
	GlobalSection(ProjectConfigurationPlatforms) = postSolution
		{AC51BF56-78C7-4518-BE44-902620352BE8}.Debug|Any CPU.ActiveCfg = Debug|Any CPU
		{AC51BF56-78C7-4518-BE44-902620352BE8}.Debug|Any CPU.Build.0 = Debug|Any CPU
		{AC51BF56-78C7-4518-BE44-902620352BE8}.Release|Any CPU.ActiveCfg = Release|Any CPU
		{AC51BF56-78C7-4518-BE44-902620352BE8}.Release|Any CPU.Build.0 = Release|Any CPU
		{953E5318-7A68-494D-B1D4-0D870093CB92}.Debug|Any CPU.ActiveCfg = Debug|Any CPU
		{953E5318-7A68-494D-B1D4-0D870093CB92}.Debug|Any CPU.Build.0 = Debug|Any CPU
		{953E5318-7A68-494D-B1D4-0D870093CB92}.Release|Any CPU.ActiveCfg = Release|Any CPU
		{953E5318-7A68-494D-B1D4-0D870093CB92}.Release|Any CPU.Build.0 = Release|Any CPU
	EndGlobalSection
	GlobalSection(SolutionProperties) = preSolution
		HideSolutionNode = FALSE
	EndGlobalSection
EndGlobal
